
Microsoft Visual Studio Solution File, Format Version 12.00
# Visual Studio 15
VisualStudioVersion = 15.0.27130.2010
MinimumVisualStudioVersion = 10.0.40219.1
Project("{9A19103F-16F7-4668-BE54-9A1E7A4F7556}") = "OptimaJet.DWKit.StarterApplication", "Optimajet.DWKit.StarterApplication\OptimaJet.DWKit.StarterApplication.csproj", "{C8E82E7C-3170-4C11-915E-115C9A31AB33}"
EndProject
Project("{9A19103F-16F7-4668-BE54-9A1E7A4F7556}") = "OptimaJet.DWKit.Application", "OptimaJet.DWKit.Application\OptimaJet.DWKit.Application.csproj", "{F3520DC9-181D-40D4-8D08-34DC1037B7C7}"
EndProject
Global
	GlobalSection(SolutionConfigurationPlatforms) = preSolution
		Debug|Any CPU = Debug|Any CPU
		Release|Any CPU = Release|Any CPU
	EndGlobalSection
	GlobalSection(ProjectConfigurationPlatforms) = postSolution
		{C8E82E7C-3170-4C11-915E-115C9A31AB33}.Debug|Any CPU.ActiveCfg = Debug|Any CPU
		{C8E82E7C-3170-4C11-915E-115C9A31AB33}.Debug|Any CPU.Build.0 = Debug|Any CPU
		{C8E82E7C-3170-4C11-915E-115C9A31AB33}.Release|Any CPU.ActiveCfg = Release|Any CPU
		{C8E82E7C-3170-4C11-915E-115C9A31AB33}.Release|Any CPU.Build.0 = Release|Any CPU
		{F3520DC9-181D-40D4-8D08-34DC1037B7C7}.Debug|Any CPU.ActiveCfg = Debug|Any CPU
		{F3520DC9-181D-40D4-8D08-34DC1037B7C7}.Debug|Any CPU.Build.0 = Debug|Any CPU
		{F3520DC9-181D-40D4-8D08-34DC1037B7C7}.Release|Any CPU.ActiveCfg = Release|Any CPU
		{F3520DC9-181D-40D4-8D08-34DC1037B7C7}.Release|Any CPU.Build.0 = Release|Any CPU
	EndGlobalSection
	GlobalSection(SolutionProperties) = preSolution
		HideSolutionNode = FALSE
	EndGlobalSection
	GlobalSection(ExtensibilityGlobals) = postSolution
		SolutionGuid = {04C7489A-FA34-43D4-B632-036A19D87094}
	EndGlobalSection
EndGlobal
